
Microsoft Visual Studio Solution File, Format Version 12.00
# Visual Studio Version 16
VisualStudioVersion = 16.0.29728.190
MinimumVisualStudioVersion = 10.0.40219.1
Project("{FAE04EC0-301F-11D3-BF4B-00C04F79EFBC}") = "TabControlAlignment", "TabControlAlignment.csproj", "{212423AF-8F4C-4780-B930-F6F33341E6EA}"
EndProject
Global
	GlobalSection(SolutionConfigurationPlatforms) = preSolution
		Debug|Any CPU = Debug|Any CPU
		Release|Any CPU = Release|Any CPU
	EndGlobalSection
	GlobalSection(ProjectConfigurationPlatforms) = postSolution
		{212423AF-8F4C-4780-B930-F6F33341E6EA}.Debug|Any CPU.ActiveCfg = Debug|Any CPU
		{212423AF-8F4C-4780-B930-F6F33341E6EA}.Debug|Any CPU.Build.0 = Debug|Any CPU
		{212423AF-8F4C-4780-B930-F6F33341E6EA}.Release|Any CPU.ActiveCfg = Release|Any CPU
		{212423AF-8F4C-4780-B930-F6F33341E6EA}.Release|Any CPU.Build.0 = Release|Any CPU
	EndGlobalSection
	GlobalSection(SolutionProperties) = preSolution
		HideSolutionNode = FALSE
	EndGlobalSection
	GlobalSection(ExtensibilityGlobals) = postSolution
		SolutionGuid = {6EE83DA8-D962-40AC-8624-3C69CFE5F154}
	EndGlobalSection
EndGlobal
